PODS:
  - RNAudioStreaming (2.3.2):
    - RNAudioStreaming/Main (= 2.3.2)
  - RNAudioStreaming/Main (2.3.2):
    - RNAudioStreaming/StreamingKit
  - RNAudioStreaming/StreamingKit (2.3.2)

DEPENDENCIES:
  - RNAudioStreaming (from `../node_modules/react-native-audio-streaming`)

EXTERNAL SOURCES:
  RNAudioStreaming:
    :path: "../node_modules/react-native-audio-streaming"

SPEC CHECKSUMS:
  RNAudioStreaming: f38f148e6f6bb55ae2eb1c9dcce441c5352fd045

PODFILE CHECKSUM: 8432bb1b2aea4951b77232c5d4c227100a468b1d

COCOAPODS: 1.2.0
